{
  "name": "QuickAppUsingCookieAuthN-mainClone",
  "lockfileVersion": 3,
  "requires": true,
  "packages": {
    "": {
      "dependencies": {
        "@firebase/auth": "^1.7.5"
      }
    },
    "node_modules/@fastify/busboy": {
      "version": "2.1.1",
      "resolved": "https://registry.npmjs.org/@fastify/busboy/-/busboy-2.1.1.tgz",
      "integrity": "sha512-vBZP4NlzfOlerQTnba4aqZoMhE/a9HY7HRqoOPaETQcSQuWEIyZMHGfVu6w9wGtGK5fED5qRs2DteVCjOH60sA==",
      "license": "MIT",
      "engines": {
        "node": ">=14"
      }
    },
    "node_modules/@firebase/app": {
      "version": "0.10.6",
      "resolved": "https://registry.npmjs.org/@firebase/app/-/app-0.10.6.tgz",
      "integrity": "sha512-/r8Ikp7TOrIIdp7v2adD2kg9SqIXMGOoJXJB1HsX7LjpjWdsoy1fMkP0HlI7GQqqRxDueHNhETx5Zn5E8HyVAQ==",
      "license": "Apache-2.0",
      "peer": true,
      "dependencies": {
        "@firebase/component": "0.6.8",
        "@firebase/logger": "0.4.2",
        "@firebase/util": "1.9.7",
        "idb": "7.1.1",
        "tslib": "^2.1.0"
      }
    },
    "node_modules/@firebase/auth": {
      "version": "1.7.5",
      "resolved": "https://registry.npmjs.org/@firebase/auth/-/auth-1.7.5.tgz",
      "integrity": "sha512-DMFR1OA/f1/voeuFbSORg9AP36pMgOoSb/DRgiDalLmIJsDTlQNMCu+givjMP4s/XL85+tBk2MerYnK/AscJjw==",
      "license": "Apache-2.0",
      "dependencies": {
        "@firebase/component": "0.6.8",
        "@firebase/logger": "0.4.2",
        "@firebase/util": "1.9.7",
        "tslib": "^2.1.0",
        "undici": "5.28.4"
      },
      "peerDependencies": {
        "@firebase/app": "0.x",
        "@react-native-async-storage/async-storage": "^1.18.1"
      },
      "peerDependenciesMeta": {
        "@react-native-async-storage/async-storage": {
          "optional": true
        }
      }
    },
    "node_modules/@firebase/component": {
      "version": "0.6.8",
      "resolved": "https://registry.npmjs.org/@firebase/component/-/component-0.6.8.tgz",
      "integrity": "sha512-LcNvxGLLGjBwB0dJUsBGCej2fqAepWyBubs4jt1Tiuns7QLbXHuyObZ4aMeBjZjWx4m8g1LoVI9QFpSaq/k4/g==",
      "license": "Apache-2.0",
      "dependencies": {
        "@firebase/util": "1.9.7",
        "tslib": "^2.1.0"
      }
    },
    "node_modules/@firebase/logger": {
      "version": "0.4.2",
      "resolved": "https://registry.npmjs.org/@firebase/logger/-/logger-0.4.2.tgz",
      "integrity": "sha512-Q1VuA5M1Gjqrwom6I6NUU4lQXdo9IAQieXlujeHZWvRt1b7qQ0KwBaNAjgxG27jgF9/mUwsNmO8ptBCGVYhB0A==",
      "license": "Apache-2.0",
      "dependencies": {
        "tslib": "^2.1.0"
      }
    },
    "node_modules/@firebase/util": {
      "version": "1.9.7",
      "resolved": "https://registry.npmjs.org/@firebase/util/-/util-1.9.7.tgz",
      "integrity": "sha512-fBVNH/8bRbYjqlbIhZ+lBtdAAS4WqZumx03K06/u7fJSpz1TGjEMm1ImvKD47w+xaFKIP2ori6z8BrbakRfjJA==",
      "license": "Apache-2.0",
      "dependencies": {
        "tslib": "^2.1.0"
      }
    },
    "node_modules/idb": {
      "version": "7.1.1",
      "resolved": "https://registry.npmjs.org/idb/-/idb-7.1.1.tgz",
      "integrity": "sha512-gchesWBzyvGHRO9W8tzUWFDycow5gwjvFKfyV9FF32Y7F50yZMp7mP+T2mJIWFx49zicqyC4uefHM17o6xKIVQ==",
      "license": "ISC",
      "peer": true
    },
    "node_modules/tslib": {
      "version": "2.6.3",
      "resolved": "https://registry.npmjs.org/tslib/-/tslib-2.6.3.tgz",
      "integrity": "sha512-xNvxJEOUiWPGhUuUdQgAJPKOOJfGnIyKySOc09XkKsgdUV/3E2zvwZYdejjmRgPCgcym1juLH3226yA7sEFJKQ==",
      "license": "0BSD"
    },
    "node_modules/undici": {
      "version": "5.28.4",
      "resolved": "https://registry.npmjs.org/undici/-/undici-5.28.4.tgz",
      "integrity": "sha512-72RFADWFqKmUb2hmmvNODKL3p9hcB6Gt2DOQMis1SEBaV6a4MH8soBvzg+95CYhCKPFedut2JY9bMfrDl9D23g==",
      "license": "MIT",
      "dependencies": {
        "@fastify/busboy": "^2.0.0"
      },
      "engines": {
        "node": ">=14.0"
      }
    }
  }
}
